// !$*UTF8*$!
{
	archiveVersion = 1;
	classes = {
	};
	objectVersion = 50;
	objects = {

/* Begin PBXBuildFile section */
		93FE10FF2187034900881D12 /* AppDelegate.swift in Sources */ = {isa = PBXBuildFile; fileRef = 93FE10FE2187034900881D12 /* AppDelegate.swift */; };
		93FE11012187034900881D12 /* ViewController.swift in Sources */ = {isa = PBXBuildFile; fileRef = 93FE11002187034900881D12 /* ViewController.swift */; };
		93FE11042187034900881D12 /* Main.storyboard in Resources */ = {isa = PBXBuildFile; fileRef = 93FE11022187034900881D12 /* Main.storyboard */; };
		93FE11062187034B00881D12 /* Assets.xcassets in Resources */ = {isa = PBXBuildFile; fileRef = 93FE11052187034B00881D12 /* Assets.xcassets */; };
		93FE11092187034B00881D12 /* LaunchScreen.storyboard in Resources */ = {isa = PBXBuildFile; fileRef = 93FE11072187034B00881D12 /* LaunchScreen.storyboard */; };
		93FE11142187034B00881D12 /* OMPToolKitTests.swift in Sources */ = {isa = PBXBuildFile; fileRef = 93FE11132187034B00881D12 /* OMPToolKitTests.swift */; };
		93FE111F2187034B00881D12 /* OMPToolKitUITests.swift in Sources */ = {isa = PBXBuildFile; fileRef = 93FE111E2187034B00881D12 /* OMPToolKitUITests.swift */; };
		93FE11302187059F00881D12 /* Common.swift in Sources */ = {isa = PBXBuildFile; fileRef = 93FE112F2187059F00881D12 /* Common.swift */; };
		93FE1133218705FB00881D12 /* CGRect+Ext.swift in Sources */ = {isa = PBXBuildFile; fileRef = 93FE1132218705FB00881D12 /* CGRect+Ext.swift */; };
		93FE113521871AE300881D12 /* CGPoint+Ext.swift in Sources */ = {isa = PBXBuildFile; fileRef = 93FE113421871AE300881D12 /* CGPoint+Ext.swift */; };
		93FE113721871BC300881D12 /* UIView+Ext.swift in Sources */ = {isa = PBXBuildFile; fileRef = 93FE113621871BC300881D12 /* UIView+Ext.swift */; };
		93FE113E2188708A00881D12 /* UIColor+Ext.swift in Sources */ = {isa = PBXBuildFile; fileRef = 93FE113D2188708A00881D12 /* UIColor+Ext.swift */; };
/* End PBXBuildFile section */

/* Begin PBXContainerItemProxy section */
		93FE11102187034B00881D12 /* PBXContainerItemProxy */ = {
			isa = PBXContainerItemProxy;
			containerPortal = 93FE10F32187034900881D12 /* Project object */;
			proxyType = 1;
			remoteGlobalIDString = 93FE10FA2187034900881D12;
			remoteInfo = OMPToolKit;
		};
		93FE111B2187034B00881D12 /* PBXContainerItemProxy */ = {
			isa = PBXContainerItemProxy;
			containerPortal = 93FE10F32187034900881D12 /* Project object */;
			proxyType = 1;
			remoteGlobalIDString = 93FE10FA2187034900881D12;
			remoteInfo = OMPToolKit;
		};
/* End PBXContainerItemProxy section */

/* Begin PBXFileReference section */
		93FE10FB2187034900881D12 /* OMPToolKit.app */ = {isa = PBXFileReference; explicitFileType = wrapper.application; includeInIndex = 0; path = OMPToolKit.app; sourceTree = BUILT_PRODUCTS_DIR; };
		93FE10FE2187034900881D12 /* AppDelegate.swift */ = {isa = PBXFileReference; lastKnownFileType = sourcecode.swift; path = AppDelegate.swift; sourceTree = "<group>"; };
		93FE11002187034900881D12 /* ViewController.swift */ = {isa = PBXFileReference; lastKnownFileType = sourcecode.swift; path = ViewController.swift; sourceTree = "<group>"; };
		93FE11032187034900881D12 /* Base */ = {isa = PBXFileReference; lastKnownFileType = file.storyboard; name = Base; path = Base.lproj/Main.storyboard; sourceTree = "<group>"; };
		93FE11052187034B00881D12 /* Assets.xcassets */ = {isa = PBXFileReference; lastKnownFileType = folder.assetcatalog; path = Assets.xcassets; sourceTree = "<group>"; };
		93FE11082187034B00881D12 /* Base */ = {isa = PBXFileReference; lastKnownFileType = file.storyboard; name = Base; path = Base.lproj/LaunchScreen.storyboard; sourceTree = "<group>"; };
		93FE110A2187034B00881D12 /* Info.plist */ = {isa = PBXFileReference; lastKnownFileType = text.plist.xml; path = Info.plist; sourceTree = "<group>"; };
		93FE110F2187034B00881D12 /* OMPToolKitTests.xctest */ = {isa = PBXFileReference; explicitFileType = wrapper.cfbundle; includeInIndex = 0; path = OMPToolKitTests.xctest; sourceTree = BUILT_PRODUCTS_DIR; };
		93FE11132187034B00881D12 /* OMPToolKitTests.swift */ = {isa = PBXFileReference; lastKnownFileType = sourcecode.swift; path = OMPToolKitTests.swift; sourceTree = "<group>"; };
		93FE11152187034B00881D12 /* Info.plist */ = {isa = PBXFileReference; lastKnownFileType = text.plist.xml; path = Info.plist; sourceTree = "<group>"; };
		93FE111A2187034B00881D12 /* OMPToolKitUITests.xctest */ = {isa = PBXFileReference; explicitFileType = wrapper.cfbundle; includeInIndex = 0; path = OMPToolKitUITests.xctest; sourceTree = BUILT_PRODUCTS_DIR; };
		93FE111E2187034B00881D12 /* OMPToolKitUITests.swift */ = {isa = PBXFileReference; lastKnownFileType = sourcecode.swift; path = OMPToolKitUITests.swift; sourceTree = "<group>"; };
		93FE11202187034B00881D12 /* Info.plist */ = {isa = PBXFileReference; lastKnownFileType = text.plist.xml; path = Info.plist; sourceTree = "<group>"; };
		93FE112F2187059F00881D12 /* Common.swift */ = {isa = PBXFileReference; lastKnownFileType = sourcecode.swift; path = Common.swift; sourceTree = "<group>"; };
		93FE1132218705FB00881D12 /* CGRect+Ext.swift */ = {isa = PBXFileReference; lastKnownFileType = sourcecode.swift; path = "CGRect+Ext.swift"; sourceTree = "<group>"; };
		93FE113421871AE300881D12 /* CGPoint+Ext.swift */ = {isa = PBXFileReference; lastKnownFileType = sourcecode.swift; path = "CGPoint+Ext.swift"; sourceTree = "<group>"; };
		93FE113621871BC300881D12 /* UIView+Ext.swift */ = {isa = PBXFileReference; lastKnownFileType = sourcecode.swift; path = "UIView+Ext.swift"; sourceTree = "<group>"; };
		93FE113D2188708A00881D12 /* UIColor+Ext.swift */ = {isa = PBXFileReference; lastKnownFileType = sourcecode.swift; path = "UIColor+Ext.swift"; sourceTree = "<group>"; };
/* End PBXFileReference section */

/* Begin PBXFrameworksBuildPhase section */
		93FE10F82187034900881D12 /* Frameworks */ = {
			isa = PBXFrameworksBuildPhase;
			buildActionMask = 2147483647;
			files = (
			);
			runOnlyForDeploymentPostprocessing = 0;
		};
		93FE110C2187034B00881D12 /* Frameworks */ = {
			isa = PBXFrameworksBuildPhase;
			buildActionMask = 2147483647;
			files = (
			);
			runOnlyForDeploymentPostprocessing = 0;
		};
		93FE11172187034B00881D12 /* Frameworks */ = {
			isa = PBXFrameworksBuildPhase;
			buildActionMask = 2147483647;
			files = (
			);
			runOnlyForDeploymentPostprocessing = 0;
		};
/* End PBXFrameworksBuildPhase section */

/* Begin PBXGroup section */
		93FE10F22187034900881D12 = {
			isa = PBXGroup;
			children = (
				93FE10FD2187034900881D12 /* OMPToolKit */,
				93FE11122187034B00881D12 /* OMPToolKitTests */,
				93FE111D2187034B00881D12 /* OMPToolKitUITests */,
				93FE10FC2187034900881D12 /* Products */,
			);
			sourceTree = "<group>";
		};
		93FE10FC2187034900881D12 /* Products */ = {
			isa = PBXGroup;
			children = (
				93FE10FB2187034900881D12 /* OMPToolKit.app */,
				93FE110F2187034B00881D12 /* OMPToolKitTests.xctest */,
				93FE111A2187034B00881D12 /* OMPToolKitUITests.xctest */,
			);
			name = Products;
			sourceTree = "<group>";
		};
		93FE10FD2187034900881D12 /* OMPToolKit */ = {
			isa = PBXGroup;
			children = (
				93FE10FE2187034900881D12 /* AppDelegate.swift */,
				93FE11002187034900881D12 /* ViewController.swift */,
				93FE11022187034900881D12 /* Main.storyboard */,
				93FE11052187034B00881D12 /* Assets.xcassets */,
				93FE11072187034B00881D12 /* LaunchScreen.storyboard */,
				93FE110A2187034B00881D12 /* Info.plist */,
				93FE112E2187058E00881D12 /* Common */,
			);
			path = OMPToolKit;
			sourceTree = "<group>";
		};
		93FE11122187034B00881D12 /* OMPToolKitTests */ = {
			isa = PBXGroup;
			children = (
				93FE11132187034B00881D12 /* OMPToolKitTests.swift */,
				93FE11152187034B00881D12 /* Info.plist */,
			);
			path = OMPToolKitTests;
			sourceTree = "<group>";
		};
		93FE111D2187034B00881D12 /* OMPToolKitUITests */ = {
			isa = PBXGroup;
			children = (
				93FE111E2187034B00881D12 /* OMPToolKitUITests.swift */,
				93FE11202187034B00881D12 /* Info.plist */,
			);
			path = OMPToolKitUITests;
			sourceTree = "<group>";
		};
		93FE112E2187058E00881D12 /* Common */ = {
			isa = PBXGroup;
			children = (
				93FE112F2187059F00881D12 /* Common.swift */,
				93FE1131218705B300881D12 /* Extension */,
			);
			path = Common;
			sourceTree = "<group>";
		};
		93FE1131218705B300881D12 /* Extension */ = {
			isa = PBXGroup;
			children = (
				93FE113421871AE300881D12 /* CGPoint+Ext.swift */,
				93FE1132218705FB00881D12 /* CGRect+Ext.swift */,
				93FE113621871BC300881D12 /* UIView+Ext.swift */,
				93FE113D2188708A00881D12 /* UIColor+Ext.swift */,
			);
			path = Extension;
			sourceTree = "<group>";
		};
/* End PBXGroup section */

/* Begin PBXNativeTarget section */
		93FE10FA2187034900881D12 /* OMPToolKit */ = {
			isa = PBXNativeTarget;
			buildConfigurationList = 93FE11232187034B00881D12 /* Build configuration list for PBXNativeTarget "OMPToolKit" */;
			buildPhases = (
				93FE10F72187034900881D12 /* Sources */,
				93FE10F82187034900881D12 /* Frameworks */,
				93FE10F92187034900881D12 /* Resources */,
			);
			buildRules = (
			);
			dependencies = (
			);
			name = OMPToolKit;
			productName = OMPToolKit;
			productReference = 93FE10FB2187034900881D12 /* OMPToolKit.app */;
			productType = "com.apple.product-type.application";
		};
		93FE110E2187034B00881D12 /* OMPToolKitTests */ = {
			isa = PBXNativeTarget;
			buildConfigurationList = 93FE11262187034B00881D12 /* Build configuration list for PBXNativeTarget "OMPToolKitTests" */;
			buildPhases = (
				93FE110B2187034B00881D12 /* Sources */,
				93FE110C2187034B00881D12 /* Frameworks */,
				93FE110D2187034B00881D12 /* Resources */,
			);
			buildRules = (
			);
			dependencies = (
				93FE11112187034B00881D12 /* PBXTargetDependency */,
			);
			name = OMPToolKitTests;
			productName = OMPToolKitTests;
			productReference = 93FE110F2187034B00881D12 /* OMPToolKitTests.xctest */;
			productType = "com.apple.product-type.bundle.unit-test";
		};
		93FE11192187034B00881D12 /* OMPToolKitUITests */ = {
			isa = PBXNativeTarget;
			buildConfigurationList = 93FE11292187034B00881D12 /* Build configuration list for PBXNativeTarget "OMPToolKitUITests" */;
			buildPhases = (
				93FE11162187034B00881D12 /* Sources */,
				93FE11172187034B00881D12 /* Frameworks */,
				93FE11182187034B00881D12 /* Resources */,
			);
			buildRules = (
			);
			dependencies = (
				93FE111C2187034B00881D12 /* PBXTargetDependency */,
			);
			name = OMPToolKitUITests;
			productName = OMPToolKitUITests;
			productReference = 93FE111A2187034B00881D12 /* OMPToolKitUITests.xctest */;
			productType = "com.apple.product-type.bundle.ui-testing";
		};
/* End PBXNativeTarget section */

/* Begin PBXProject section */
		93FE10F32187034900881D12 /* Project object */ = {
			isa = PBXProject;
			attributes = {
				LastSwiftUpdateCheck = 0930;
				LastUpgradeCheck = 0930;
				ORGANIZATIONNAME = flion;
				TargetAttributes = {
					93FE10FA2187034900881D12 = {
						CreatedOnToolsVersion = 9.3;
					};
					93FE110E2187034B00881D12 = {
						CreatedOnToolsVersion = 9.3;
						TestTargetID = 93FE10FA2187034900881D12;
					};
					93FE11192187034B00881D12 = {
						CreatedOnToolsVersion = 9.3;
						TestTargetID = 93FE10FA2187034900881D12;
					};
				};
			};
			buildConfigurationList = 93FE10F62187034900881D12 /* Build configuration list for PBXProject "OMPToolKit" */;
			compatibilityVersion = "Xcode 9.3";
			developmentRegion = en;
			hasScannedForEncodings = 0;
			knownRegions = (
				en,
				Base,
			);
			mainGroup = 93FE10F22187034900881D12;
			productRefGroup = 93FE10FC2187034900881D12 /* Products */;
			projectDirPath = "";
			projectRoot = "";
			targets = (
				93FE10FA2187034900881D12 /* OMPToolKit */,
				93FE110E2187034B00881D12 /* OMPToolKitTests */,
				93FE11192187034B00881D12 /* OMPToolKitUITests */,
			);
		};
/* End PBXProject section */

/* Begin PBXResourcesBuildPhase section */
		93FE10F92187034900881D12 /* Resources */ = {
			isa = PBXResourcesBuildPhase;
			buildActionMask = 2147483647;
			files = (
				93FE11092187034B00881D12 /* LaunchScreen.storyboard in Resources */,
				93FE11062187034B00881D12 /* Assets.xcassets in Resources */,
				93FE11042187034900881D12 /* Main.storyboard in Resources */,
			);
			runOnlyForDeploymentPostprocessing = 0;
		};
		93FE110D2187034B00881D12 /* Resources */ = {
			isa = PBXResourcesBuildPhase;
			buildActionMask = 2147483647;
			files = (
			);
			runOnlyForDeploymentPostprocessing = 0;
		};
		93FE11182187034B00881D12 /* Resources */ = {
			isa = PBXResourcesBuildPhase;
			buildActionMask = 2147483647;
			files = (
			);
			runOnlyForDeploymentPostprocessing = 0;
		};
/* End PBXResourcesBuildPhase section */

/* Begin PBXSourcesBuildPhase section */
		93FE10F72187034900881D12 /* Sources */ = {
			isa = PBXSourcesBuildPhase;
			buildActionMask = 2147483647;
			files = (
				93FE113E2188708A00881D12 /* UIColor+Ext.swift in Sources */,
				93FE11012187034900881D12 /* ViewController.swift in Sources */,
				93FE113521871AE300881D12 /* CGPoint+Ext.swift in Sources */,
				93FE113721871BC300881D12 /* UIView+Ext.swift in Sources */,
				93FE11302187059F00881D12 /* Common.swift in Sources */,
				93FE10FF2187034900881D12 /* AppDelegate.swift in Sources */,
				93FE1133218705FB00881D12 /* CGRect+Ext.swift in Sources */,
			);
			runOnlyForDeploymentPostprocessing = 0;
		};
		93FE110B2187034B00881D12 /* Sources */ = {
			isa = PBXSourcesBuildPhase;
			buildActionMask = 2147483647;
			files = (
				93FE11142187034B00881D12 /* OMPToolKitTests.swift in Sources */,
			);
			runOnlyForDeploymentPostprocessing = 0;
		};
		93FE11162187034B00881D12 /* Sources */ = {
			isa = PBXSourcesBuildPhase;
			buildActionMask = 2147483647;
			files = (
				93FE111F2187034B00881D12 /* OMPToolKitUITests.swift in Sources */,
			);
			runOnlyForDeploymentPostprocessing = 0;
		};
/* End PBXSourcesBuildPhase section */

/* Begin PBXTargetDependency section */
		93FE11112187034B00881D12 /* PBXTargetDependency */ = {
			isa = PBXTargetDependency;
			target = 93FE10FA2187034900881D12 /* OMPToolKit */;
			targetProxy = 93FE11102187034B00881D12 /* PBXContainerItemProxy */;
		};
		93FE111C2187034B00881D12 /* PBXTargetDependency */ = {
			isa = PBXTargetDependency;
			target = 93FE10FA2187034900881D12 /* OMPToolKit */;
			targetProxy = 93FE111B2187034B00881D12 /* PBXContainerItemProxy */;
		};
/* End PBXTargetDependency section */

/* Begin PBXVariantGroup section */
		93FE11022187034900881D12 /* Main.storyboard */ = {
			isa = PBXVariantGroup;
			children = (
				93FE11032187034900881D12 /* Base */,
			);
			name = Main.storyboard;
			sourceTree = "<group>";
		};
		93FE11072187034B00881D12 /* LaunchScreen.storyboard */ = {
			isa = PBXVariantGroup;
			children = (
				93FE11082187034B00881D12 /* Base */,
			);
			name = LaunchScreen.storyboard;
			sourceTree = "<group>";
		};
/* End PBXVariantGroup section */

/* Begin XCBuildConfiguration section */
		93FE11212187034B00881D12 /* Debug */ = {
			isa = XCBuildConfiguration;
			buildSettings = {
				ALWAYS_SEARCH_USER_PATHS = NO;
				CLANG_ANALYZER_NONNULL = YES;
				CLANG_ANALYZER_NUMBER_OBJECT_CONVERSION = YES_AGGRESSIVE;
				CLANG_CXX_LANGUAGE_STANDARD = "gnu++14";
				CLANG_CXX_LIBRARY = "libc++";
				CLANG_ENABLE_MODULES = YES;
				CLANG_ENABLE_OBJC_ARC = YES;
				CLANG_ENABLE_OBJC_WEAK = YES;
				CLANG_WARN_BLOCK_CAPTURE_AUTORELEASING = YES;
				CLANG_WARN_BOOL_CONVERSION = YES;
				CLANG_WARN_COMMA = YES;
				CLANG_WARN_CONSTANT_CONVERSION = YES;
				CLANG_WARN_DEPRECATED_OBJC_IMPLEMENTATIONS = YES;
				CLANG_WARN_DIRECT_OBJC_ISA_USAGE = YES_ERROR;
				CLANG_WARN_DOCUMENTATION_COMMENTS = YES;
				CLANG_WARN_EMPTY_BODY = YES;
				CLANG_WARN_ENUM_CONVERSION = YES;
				CLANG_WARN_INFINITE_RECURSION = YES;
				CLANG_WARN_INT_CONVERSION = YES;
				CLANG_WARN_NON_LITERAL_NULL_CONVERSION = YES;
				CLANG_WARN_OBJC_IMPLICIT_RETAIN_SELF = YES;
				CLANG_WARN_OBJC_LITERAL_CONVERSION = YES;
				CLANG_WARN_OBJC_ROOT_CLASS = YES_ERROR;
				CLANG_WARN_RANGE_LOOP_ANALYSIS = YES;
				CLANG_WARN_STRICT_PROTOTYPES = YES;
				CLANG_WARN_SUSPICIOUS_MOVE = YES;
				CLANG_WARN_UNGUARDED_AVAILABILITY = YES_AGGRESSIVE;
				CLANG_WARN_UNREACHABLE_CODE = YES;
				CLANG_WARN__DUPLICATE_METHOD_MATCH = YES;
				CODE_SIGN_IDENTITY = "iPhone Developer";
				COPY_PHASE_STRIP = NO;
				DEBUG_INFORMATION_FORMAT = dwarf;
				ENABLE_STRICT_OBJC_MSGSEND = YES;
				ENABLE_TESTABILITY = YES;
				GCC_C_LANGUAGE_STANDARD = gnu11;
				GCC_DYNAMIC_NO_PIC = NO;
				GCC_NO_COMMON_BLOCKS = YES;
				GCC_OPTIMIZATION_LEVEL = 0;
				GCC_PREPROCESSOR_DEFINITIONS = (
					"DEBUG=1",
					"$(inherited)",
				);
				GCC_WARN_64_TO_32_BIT_CONVERSION = YES;
				GCC_WARN_ABOUT_RETURN_TYPE = YES_ERROR;
				GCC_WARN_UNDECLARED_SELECTOR = YES;
				GCC_WARN_UNINITIALIZED_AUTOS = YES_AGGRESSIVE;
				GCC_WARN_UNUSED_FUNCTION = YES;
				GCC_WARN_UNUSED_VARIABLE = YES;
				IPHONEOS_DEPLOYMENT_TARGET = 11.3;
				MTL_ENABLE_DEBUG_INFO = YES;
				ONLY_ACTIVE_ARCH = YES;
				SDKROOT = iphoneos;
				SWIFT_ACTIVE_COMPILATION_CONDITIONS = DEBUG;
				SWIFT_OPTIMIZATION_LEVEL = "-Onone";
			};
			name = Debug;
		};
		93FE11222187034B00881D12 /* Release */ = {
			isa = XCBuildConfiguration;
			buildSettings = {
				ALWAYS_SEARCH_USER_PATHS = NO;
				CLANG_ANALYZER_NONNULL = YES;
				CLANG_ANALYZER_NUMBER_OBJECT_CONVERSION = YES_AGGRESSIVE;
				CLANG_CXX_LANGUAGE_STANDARD = "gnu++14";
				CLANG_CXX_LIBRARY = "libc++";
				CLANG_ENABLE_MODULES = YES;
				CLANG_ENABLE_OBJC_ARC = YES;
				CLANG_ENABLE_OBJC_WEAK = YES;
				CLANG_WARN_BLOCK_CAPTURE_AUTORELEASING = YES;
				CLANG_WARN_BOOL_CONVERSION = YES;
				CLANG_WARN_COMMA = YES;
				CLANG_WARN_CONSTANT_CONVERSION = YES;
				CLANG_WARN_DEPRECATED_OBJC_IMPLEMENTATIONS = YES;
				CLANG_WARN_DIRECT_OBJC_ISA_USAGE = YES_ERROR;
				CLANG_WARN_DOCUMENTATION_COMMENTS = YES;
				CLANG_WARN_EMPTY_BODY = YES;
				CLANG_WARN_ENUM_CONVERSION = YES;
				CLANG_WARN_INFINITE_RECURSION = YES;
				CLANG_WARN_INT_CONVERSION = YES;
				CLANG_WARN_NON_LITERAL_NULL_CONVERSION = YES;
				CLANG_WARN_OBJC_IMPLICIT_RETAIN_SELF = YES;
				CLANG_WARN_OBJC_LITERAL_CONVERSION = YES;
				CLANG_WARN_OBJC_ROOT_CLASS = YES_ERROR;
				CLANG_WARN_RANGE_LOOP_ANALYSIS = YES;
				CLANG_WARN_STRICT_PROTOTYPES = YES;
				CLANG_WARN_SUSPICIOUS_MOVE = YES;
				CLANG_WARN_UNGUARDED_AVAILABILITY = YES_AGGRESSIVE;
				CLANG_WARN_UNREACHABLE_CODE = YES;
				CLANG_WARN__DUPLICATE_METHOD_MATCH = YES;
				CODE_SIGN_IDENTITY = "iPhone Developer";
				COPY_PHASE_STRIP = NO;
				DEBUG_INFORMATION_FORMAT = "dwarf-with-dsym";
				ENABLE_NS_ASSERTIONS = NO;
				ENABLE_STRICT_OBJC_MSGSEND = YES;
				GCC_C_LANGUAGE_STANDARD = gnu11;
				GCC_NO_COMMON_BLOCKS = YES;
				GCC_WARN_64_TO_32_BIT_CONVERSION = YES;
				GCC_WARN_ABOUT_RETURN_TYPE = YES_ERROR;
				GCC_WARN_UNDECLARED_SELECTOR = YES;
				GCC_WARN_UNINITIALIZED_AUTOS = YES_AGGRESSIVE;
				GCC_WARN_UNUSED_FUNCTION = YES;
				GCC_WARN_UNUSED_VARIABLE = YES;
				IPHONEOS_DEPLOYMENT_TARGET = 11.3;
				MTL_ENABLE_DEBUG_INFO = NO;
				SDKROOT = iphoneos;
				SWIFT_COMPILATION_MODE = wholemodule;
				SWIFT_OPTIMIZATION_LEVEL = "-O";
				VALIDATE_PRODUCT = YES;
			};
			name = Release;
		};
		93FE11242187034B00881D12 /* Debug */ = {
			isa = XCBuildConfiguration;
			buildSettings = {
				ASSETCATALOG_COMPILER_APPICON_NAME = AppIcon;
				CODE_SIGN_STYLE = Automatic;
				INFOPLIST_FILE = OMPToolKit/Info.plist;
				LD_RUNPATH_SEARCH_PATHS = (
					"$(inherited)",
					"@executable_path/Frameworks",
				);
				PRODUCT_BUNDLE_IDENTIFIER = com.flion.OMPToolKit;
				PRODUCT_NAME = "$(TARGET_NAME)";
				SWIFT_VERSION = 4.0;
				TARGETED_DEVICE_FAMILY = "1,2";
			};
			name = Debug;
		};
		93FE11252187034B00881D12 /* Release */ = {
			isa = XCBuildConfiguration;
			buildSettings = {
				ASSETCATALOG_COMPILER_APPICON_NAME = AppIcon;
				CODE_SIGN_STYLE = Automatic;
				INFOPLIST_FILE = OMPToolKit/Info.plist;
				LD_RUNPATH_SEARCH_PATHS = (
					"$(inherited)",
					"@executable_path/Frameworks",
				);
				PRODUCT_BUNDLE_IDENTIFIER = com.flion.OMPToolKit;
				PRODUCT_NAME = "$(TARGET_NAME)";
				SWIFT_VERSION = 4.0;
				TARGETED_DEVICE_FAMILY = "1,2";
			};
			name = Release;
		};
		93FE11272187034B00881D12 /* Debug */ = {
			isa = XCBuildConfiguration;
			buildSettings = {
				ALWAYS_EMBED_SWIFT_STANDARD_LIBRARIES = YES;
				BUNDLE_LOADER = "$(TEST_HOST)";
				CODE_SIGN_STYLE = Automatic;
				INFOPLIST_FILE = OMPToolKitTests/Info.plist;
				LD_RUNPATH_SEARCH_PATHS = (
					"$(inherited)",
					"@executable_path/Frameworks",
					"@loader_path/Frameworks",
				);
				PRODUCT_BUNDLE_IDENTIFIER = com.flion.OMPToolKitTests;
				PRODUCT_NAME = "$(TARGET_NAME)";
				SWIFT_VERSION = 4.0;
				TARGETED_DEVICE_FAMILY = "1,2";
				TEST_HOST = "$(BUILT_PRODUCTS_DIR)/OMPToolKit.app/OMPToolKit";
			};
			name = Debug;
		};
		93FE11282187034B00881D12 /* Release */ = {
			isa = XCBuildConfiguration;
			buildSettings = {
				ALWAYS_EMBED_SWIFT_STANDARD_LIBRARIES = YES;
				BUNDLE_LOADER = "$(TEST_HOST)";
				CODE_SIGN_STYLE = Automatic;
				INFOPLIST_FILE = OMPToolKitTests/Info.plist;
				LD_RUNPATH_SEARCH_PATHS = (
					"$(inherited)",
					"@executable_path/Frameworks",
					"@loader_path/Frameworks",
				);
				PRODUCT_BUNDLE_IDENTIFIER = com.flion.OMPToolKitTests;
				PRODUCT_NAME = "$(TARGET_NAME)";
				SWIFT_VERSION = 4.0;
				TARGETED_DEVICE_FAMILY = "1,2";
				TEST_HOST = "$(BUILT_PRODUCTS_DIR)/OMPToolKit.app/OMPToolKit";
			};
			name = Release;
		};
		93FE112A2187034B00881D12 /* Debug */ = {
			isa = XCBuildConfiguration;
			buildSettings = {
				ALWAYS_EMBED_SWIFT_STANDARD_LIBRARIES = YES;
				CODE_SIGN_STYLE = Automatic;
				INFOPLIST_FILE = OMPToolKitUITests/Info.plist;
				LD_RUNPATH_SEARCH_PATHS = (
					"$(inherited)",
					"@executable_path/Frameworks",
					"@loader_path/Frameworks",
				);
				PRODUCT_BUNDLE_IDENTIFIER = com.flion.OMPToolKitUITests;
				PRODUCT_NAME = "$(TARGET_NAME)";
				SWIFT_VERSION = 4.0;
				TARGETED_DEVICE_FAMILY = "1,2";
				TEST_TARGET_NAME = OMPToolKit;
			};
			name = Debug;
		};
		93FE112B2187034B00881D12 /* Release */ = {
			isa = XCBuildConfiguration;
			buildSettings = {
				ALWAYS_EMBED_SWIFT_STANDARD_LIBRARIES = YES;
				CODE_SIGN_STYLE = Automatic;
				INFOPLIST_FILE = OMPToolKitUITests/Info.plist;
				LD_RUNPATH_SEARCH_PATHS = (
					"$(inherited)",
					"@executable_path/Frameworks",
					"@loader_path/Frameworks",
				);
				PRODUCT_BUNDLE_IDENTIFIER = com.flion.OMPToolKitUITests;
				PRODUCT_NAME = "$(TARGET_NAME)";
				SWIFT_VERSION = 4.0;
				TARGETED_DEVICE_FAMILY = "1,2";
				TEST_TARGET_NAME = OMPToolKit;
			};
			name = Release;
		};
/* End XCBuildConfiguration section */

/* Begin XCConfigurationList section */
		93FE10F62187034900881D12 /* Build configuration list for PBXProject "OMPToolKit" */ = {
			isa = XCConfigurationList;
			buildConfigurations = (
				93FE11212187034B00881D12 /* Debug */,
				93FE11222187034B00881D12 /* Release */,
			);
			defaultConfigurationIsVisible = 0;
			defaultConfigurationName = Release;
		};
		93FE11232187034B00881D12 /* Build configuration list for PBXNativeTarget "OMPToolKit" */ = {
			isa = XCConfigurationList;
			buildConfigurations = (
				93FE11242187034B00881D12 /* Debug */,
				93FE11252187034B00881D12 /* Release */,
			);
			defaultConfigurationIsVisible = 0;
			defaultConfigurationName = Release;
		};
		93FE11262187034B00881D12 /* Build configuration list for PBXNativeTarget "OMPToolKitTests" */ = {
			isa = XCConfigurationList;
			buildConfigurations = (
				93FE11272187034B00881D12 /* Debug */,
				93FE11282187034B00881D12 /* Release */,
			);
			defaultConfigurationIsVisible = 0;
			defaultConfigurationName = Release;
		};
		93FE11292187034B00881D12 /* Build configuration list for PBXNativeTarget "OMPToolKitUITests" */ = {
			isa = XCConfigurationList;
			buildConfigurations = (
				93FE112A2187034B00881D12 /* Debug */,
				93FE112B2187034B00881D12 /* Release */,
			);
			defaultConfigurationIsVisible = 0;
			defaultConfigurationName = Release;
		};
/* End XCConfigurationList section */
	};
	rootObject = 93FE10F32187034900881D12 /* Project object */;
}
